// !$*UTF8*$!
{
	archiveVersion = 1;
	classes = {
	};
	objectVersion = 50;
	objects = {

/* Begin PBXBuildFile section */
		B75EF06326F3106E00075B16 /* AppDelegate.swift in Sources */ = {isa = PBXBuildFile; fileRef = B75EF06226F3106E00075B16 /* AppDelegate.swift */; };
		B75EF06526F3106E00075B16 /* SceneDelegate.swift in Sources */ = {isa = PBXBuildFile; fileRef = B75EF06426F3106E00075B16 /* SceneDelegate.swift */; };
		B75EF06726F3106E00075B16 /* HomeViewController.swift in Sources */ = {isa = PBXBuildFile; fileRef = B75EF06626F3106E00075B16 /* HomeViewController.swift */; };
		B75EF06A26F3106E00075B16 /* Main.storyboard in Resources */ = {isa = PBXBuildFile; fileRef = B75EF06826F3106E00075B16 /* Main.storyboard */; };
		B75EF06C26F3106F00075B16 /* Assets.xcassets in Resources */ = {isa = PBXBuildFile; fileRef = B75EF06B26F3106F00075B16 /* Assets.xcassets */; };
		B75EF06F26F3106F00075B16 /* LaunchScreen.storyboard in Resources */ = {isa = PBXBuildFile; fileRef = B75EF06D26F3106F00075B16 /* LaunchScreen.storyboard */; };
		B75EF07C26F316C300075B16 /* ExploreViewController.swift in Sources */ = {isa = PBXBuildFile; fileRef = B75EF07B26F316C300075B16 /* ExploreViewController.swift */; };
		B75EF07E26F316D700075B16 /* CameraViewController.swift in Sources */ = {isa = PBXBuildFile; fileRef = B75EF07D26F316D700075B16 /* CameraViewController.swift */; };
		B75EF08026F316F600075B16 /* NotificationsViewController.swift in Sources */ = {isa = PBXBuildFile; fileRef = B75EF07F26F316F600075B16 /* NotificationsViewController.swift */; };
		B75EF08226F3170400075B16 /* ProfileViewController.swift in Sources */ = {isa = PBXBuildFile; fileRef = B75EF08126F3170400075B16 /* ProfileViewController.swift */; };
		B75EF08726F3196E00075B16 /* LoginViewController.swift in Sources */ = {isa = PBXBuildFile; fileRef = B75EF08626F3196E00075B16 /* LoginViewController.swift */; };
		B75EF08926F3198200075B16 /* RegistrationViewController.swift in Sources */ = {isa = PBXBuildFile; fileRef = B75EF08826F3198200075B16 /* RegistrationViewController.swift */; };
		B75EF08B26F319A700075B16 /* PostViewController.swift in Sources */ = {isa = PBXBuildFile; fileRef = B75EF08A26F319A700075B16 /* PostViewController.swift */; };
		B75EF08D26F319C400075B16 /* EditProfileViewController.swift in Sources */ = {isa = PBXBuildFile; fileRef = B75EF08C26F319C400075B16 /* EditProfileViewController.swift */; };
		B75EF08F26F319CF00075B16 /* SettingsViewController.swift in Sources */ = {isa = PBXBuildFile; fileRef = B75EF08E26F319CF00075B16 /* SettingsViewController.swift */; };
		B75EF09126F319DE00075B16 /* ListViewController.swift in Sources */ = {isa = PBXBuildFile; fileRef = B75EF09026F319DE00075B16 /* ListViewController.swift */; };
		B75EF09326F319EC00075B16 /* SearchViewController.swift in Sources */ = {isa = PBXBuildFile; fileRef = B75EF09226F319EC00075B16 /* SearchViewController.swift */; };
		B75EF09526F319FB00075B16 /* SearchResultViewController.swift in Sources */ = {isa = PBXBuildFile; fileRef = B75EF09426F319FB00075B16 /* SearchResultViewController.swift */; };
		B75EF09726F31A1F00075B16 /* PostEditorViewController.swift in Sources */ = {isa = PBXBuildFile; fileRef = B75EF09626F31A1F00075B16 /* PostEditorViewController.swift */; };
		B75EF09926F31A3100075B16 /* PublishPostViewControllerViewController.swift in Sources */ = {isa = PBXBuildFile; fileRef = B75EF09826F31A3100075B16 /* PublishPostViewControllerViewController.swift */; };
/* End PBXBuildFile section */

/* Begin PBXFileReference section */
		B75EF05F26F3106E00075B16 /* Instagram.app */ = {isa = PBXFileReference; explicitFileType = wrapper.application; includeInIndex = 0; path = Instagram.app; sourceTree = BUILT_PRODUCTS_DIR; };
		B75EF06226F3106E00075B16 /* AppDelegate.swift */ = {isa = PBXFileReference; lastKnownFileType = sourcecode.swift; path = AppDelegate.swift; sourceTree = "<group>"; };
		B75EF06426F3106E00075B16 /* SceneDelegate.swift */ = {isa = PBXFileReference; lastKnownFileType = sourcecode.swift; path = SceneDelegate.swift; sourceTree = "<group>"; };
		B75EF06626F3106E00075B16 /* HomeViewController.swift */ = {isa = PBXFileReference; lastKnownFileType = sourcecode.swift; path = HomeViewController.swift; sourceTree = "<group>"; };
		B75EF06926F3106E00075B16 /* Base */ = {isa = PBXFileReference; lastKnownFileType = file.storyboard; name = Base; path = Base.lproj/Main.storyboard; sourceTree = "<group>"; };
		B75EF06B26F3106F00075B16 /* Assets.xcassets */ = {isa = PBXFileReference; lastKnownFileType = folder.assetcatalog; path = Assets.xcassets; sourceTree = "<group>"; };
		B75EF06E26F3106F00075B16 /* Base */ = {isa = PBXFileReference; lastKnownFileType = file.storyboard; name = Base; path = Base.lproj/LaunchScreen.storyboard; sourceTree = "<group>"; };
		B75EF07026F3106F00075B16 /* Info.plist */ = {isa = PBXFileReference; lastKnownFileType = text.plist.xml; path = Info.plist; sourceTree = "<group>"; };
		B75EF07B26F316C300075B16 /* ExploreViewController.swift */ = {isa = PBXFileReference; lastKnownFileType = sourcecode.swift; path = ExploreViewController.swift; sourceTree = "<group>"; };
		B75EF07D26F316D700075B16 /* CameraViewController.swift */ = {isa = PBXFileReference; lastKnownFileType = sourcecode.swift; path = CameraViewController.swift; sourceTree = "<group>"; };
		B75EF07F26F316F600075B16 /* NotificationsViewController.swift */ = {isa = PBXFileReference; lastKnownFileType = sourcecode.swift; path = NotificationsViewController.swift; sourceTree = "<group>"; };
		B75EF08126F3170400075B16 /* ProfileViewController.swift */ = {isa = PBXFileReference; lastKnownFileType = sourcecode.swift; path = ProfileViewController.swift; sourceTree = "<group>"; };
		B75EF08626F3196E00075B16 /* LoginViewController.swift */ = {isa = PBXFileReference; lastKnownFileType = sourcecode.swift; path = LoginViewController.swift; sourceTree = "<group>"; };
		B75EF08826F3198200075B16 /* RegistrationViewController.swift */ = {isa = PBXFileReference; lastKnownFileType = sourcecode.swift; path = RegistrationViewController.swift; sourceTree = "<group>"; };
		B75EF08A26F319A700075B16 /* PostViewController.swift */ = {isa = PBXFileReference; lastKnownFileType = sourcecode.swift; path = PostViewController.swift; sourceTree = "<group>"; };
		B75EF08C26F319C400075B16 /* EditProfileViewController.swift */ = {isa = PBXFileReference; lastKnownFileType = sourcecode.swift; path = EditProfileViewController.swift; sourceTree = "<group>"; };
		B75EF08E26F319CF00075B16 /* SettingsViewController.swift */ = {isa = PBXFileReference; lastKnownFileType = sourcecode.swift; path = SettingsViewController.swift; sourceTree = "<group>"; };
		B75EF09026F319DE00075B16 /* ListViewController.swift */ = {isa = PBXFileReference; lastKnownFileType = sourcecode.swift; path = ListViewController.swift; sourceTree = "<group>"; };
		B75EF09226F319EC00075B16 /* SearchViewController.swift */ = {isa = PBXFileReference; lastKnownFileType = sourcecode.swift; path = SearchViewController.swift; sourceTree = "<group>"; };
		B75EF09426F319FB00075B16 /* SearchResultViewController.swift */ = {isa = PBXFileReference; lastKnownFileType = sourcecode.swift; path = SearchResultViewController.swift; sourceTree = "<group>"; };
		B75EF09626F31A1F00075B16 /* PostEditorViewController.swift */ = {isa = PBXFileReference; lastKnownFileType = sourcecode.swift; path = PostEditorViewController.swift; sourceTree = "<group>"; };
		B75EF09826F31A3100075B16 /* PublishPostViewControllerViewController.swift */ = {isa = PBXFileReference; lastKnownFileType = sourcecode.swift; path = PublishPostViewControllerViewController.swift; sourceTree = "<group>"; };
/* End PBXFileReference section */

/* Begin PBXFrameworksBuildPhase section */
		B75EF05C26F3106D00075B16 /* Frameworks */ = {
			isa = PBXFrameworksBuildPhase;
			buildActionMask = 2147483647;
			files = (
			);
			runOnlyForDeploymentPostprocessing = 0;
		};
/* End PBXFrameworksBuildPhase section */

/* Begin PBXGroup section */
		B75EF05626F3106D00075B16 = {
			isa = PBXGroup;
			children = (
				B75EF06126F3106E00075B16 /* Instagram */,
				B75EF06026F3106E00075B16 /* Products */,
			);
			sourceTree = "<group>";
		};
		B75EF06026F3106E00075B16 /* Products */ = {
			isa = PBXGroup;
			children = (
				B75EF05F26F3106E00075B16 /* Instagram.app */,
			);
			name = Products;
			sourceTree = "<group>";
		};
		B75EF06126F3106E00075B16 /* Instagram */ = {
			isa = PBXGroup;
			children = (
				B75EF07926F315D600075B16 /* Resources */,
				B75EF07826F315CC00075B16 /* Views */,
				B75EF07726F315C500075B16 /* Models */,
				B75EF07626F315B600075B16 /* Controllers */,
				B75EF07026F3106F00075B16 /* Info.plist */,
			);
			path = Instagram;
			sourceTree = "<group>";
		};
		B75EF07626F315B600075B16 /* Controllers */ = {
			isa = PBXGroup;
			children = (
				B75EF08426F3195100075B16 /* Other */,
				B75EF08326F3172200075B16 /* Core Tabs */,
			);
			path = Controllers;
			sourceTree = "<group>";
		};
		B75EF07726F315C500075B16 /* Models */ = {
			isa = PBXGroup;
			children = (
			);
			path = Models;
			sourceTree = "<group>";
		};
		B75EF07826F315CC00075B16 /* Views */ = {
			isa = PBXGroup;
			children = (
				B75EF06B26F3106F00075B16 /* Assets.xcassets */,
				B75EF07A26F3161A00075B16 /* Storyboards */,
			);
			path = Views;
			sourceTree = "<group>";
		};
		B75EF07926F315D600075B16 /* Resources */ = {
			isa = PBXGroup;
			children = (
				B75EF06226F3106E00075B16 /* AppDelegate.swift */,
				B75EF06426F3106E00075B16 /* SceneDelegate.swift */,
			);
			path = Resources;
			sourceTree = "<group>";
		};
		B75EF07A26F3161A00075B16 /* Storyboards */ = {
			isa = PBXGroup;
			children = (
				B75EF06826F3106E00075B16 /* Main.storyboard */,
				B75EF06D26F3106F00075B16 /* LaunchScreen.storyboard */,
			);
			path = Storyboards;
			sourceTree = "<group>";
		};
		B75EF08326F3172200075B16 /* Core Tabs */ = {
			isa = PBXGroup;
			children = (
				B75EF06626F3106E00075B16 /* HomeViewController.swift */,
				B75EF07B26F316C300075B16 /* ExploreViewController.swift */,
				B75EF07D26F316D700075B16 /* CameraViewController.swift */,
				B75EF07F26F316F600075B16 /* NotificationsViewController.swift */,
				B75EF08126F3170400075B16 /* ProfileViewController.swift */,
			);
			path = "Core Tabs";
			sourceTree = "<group>";
		};
		B75EF08426F3195100075B16 /* Other */ = {
			isa = PBXGroup;
			children = (
				B75EF08526F3195800075B16 /* Onboarding */,
				B75EF08A26F319A700075B16 /* PostViewController.swift */,
				B75EF08C26F319C400075B16 /* EditProfileViewController.swift */,
				B75EF08E26F319CF00075B16 /* SettingsViewController.swift */,
				B75EF09026F319DE00075B16 /* ListViewController.swift */,
				B75EF09226F319EC00075B16 /* SearchViewController.swift */,
				B75EF09426F319FB00075B16 /* SearchResultViewController.swift */,
				B75EF09626F31A1F00075B16 /* PostEditorViewController.swift */,
				B75EF09826F31A3100075B16 /* PublishPostViewControllerViewController.swift */,
			);
			path = Other;
			sourceTree = "<group>";
		};
		B75EF08526F3195800075B16 /* Onboarding */ = {
			isa = PBXGroup;
			children = (
				B75EF08626F3196E00075B16 /* LoginViewController.swift */,
				B75EF08826F3198200075B16 /* RegistrationViewController.swift */,
			);
			path = Onboarding;
			sourceTree = "<group>";
		};
/* End PBXGroup section */

/* Begin PBXNativeTarget section */
		B75EF05E26F3106D00075B16 /* Instagram */ = {
			isa = PBXNativeTarget;
			buildConfigurationList = B75EF07326F3106F00075B16 /* Build configuration list for PBXNativeTarget "Instagram" */;
			buildPhases = (
				B75EF05B26F3106D00075B16 /* Sources */,
				B75EF05C26F3106D00075B16 /* Frameworks */,
				B75EF05D26F3106D00075B16 /* Resources */,
			);
			buildRules = (
			);
			dependencies = (
			);
			name = Instagram;
			productName = Instagram;
			productReference = B75EF05F26F3106E00075B16 /* Instagram.app */;
			productType = "com.apple.product-type.application";
		};
/* End PBXNativeTarget section */

/* Begin PBXProject section */
		B75EF05726F3106D00075B16 /* Project object */ = {
			isa = PBXProject;
			attributes = {
				LastSwiftUpdateCheck = 1250;
				LastUpgradeCheck = 1250;
				TargetAttributes = {
					B75EF05E26F3106D00075B16 = {
						CreatedOnToolsVersion = 12.5.1;
					};
				};
			};
			buildConfigurationList = B75EF05A26F3106D00075B16 /* Build configuration list for PBXProject "Instagram" */;
			compatibilityVersion = "Xcode 9.3";
			developmentRegion = en;
			hasScannedForEncodings = 0;
			knownRegions = (
				en,
				Base,
			);
			mainGroup = B75EF05626F3106D00075B16;
			productRefGroup = B75EF06026F3106E00075B16 /* Products */;
			projectDirPath = "";
			projectRoot = "";
			targets = (
				B75EF05E26F3106D00075B16 /* Instagram */,
			);
		};
/* End PBXProject section */

/* Begin PBXResourcesBuildPhase section */
		B75EF05D26F3106D00075B16 /* Resources */ = {
			isa = PBXResourcesBuildPhase;
			buildActionMask = 2147483647;
			files = (
				B75EF06F26F3106F00075B16 /* LaunchScreen.storyboard in Resources */,
				B75EF06C26F3106F00075B16 /* Assets.xcassets in Resources */,
				B75EF06A26F3106E00075B16 /* Main.storyboard in Resources */,
			);
			runOnlyForDeploymentPostprocessing = 0;
		};
/* End PBXResourcesBuildPhase section */

/* Begin PBXSourcesBuildPhase section */
		B75EF05B26F3106D00075B16 /* Sources */ = {
			isa = PBXSourcesBuildPhase;
			buildActionMask = 2147483647;
			files = (
				B75EF08D26F319C400075B16 /* EditProfileViewController.swift in Sources */,
				B75EF07C26F316C300075B16 /* ExploreViewController.swift in Sources */,
				B75EF07E26F316D700075B16 /* CameraViewController.swift in Sources */,
				B75EF06726F3106E00075B16 /* HomeViewController.swift in Sources */,
				B75EF08926F3198200075B16 /* RegistrationViewController.swift in Sources */,
				B75EF09726F31A1F00075B16 /* PostEditorViewController.swift in Sources */,
				B75EF08B26F319A700075B16 /* PostViewController.swift in Sources */,
				B75EF08026F316F600075B16 /* NotificationsViewController.swift in Sources */,
				B75EF09526F319FB00075B16 /* SearchResultViewController.swift in Sources */,
				B75EF08726F3196E00075B16 /* LoginViewController.swift in Sources */,
				B75EF09326F319EC00075B16 /* SearchViewController.swift in Sources */,
				B75EF08226F3170400075B16 /* ProfileViewController.swift in Sources */,
				B75EF06326F3106E00075B16 /* AppDelegate.swift in Sources */,
				B75EF06526F3106E00075B16 /* SceneDelegate.swift in Sources */,
				B75EF09926F31A3100075B16 /* PublishPostViewControllerViewController.swift in Sources */,
				B75EF09126F319DE00075B16 /* ListViewController.swift in Sources */,
				B75EF08F26F319CF00075B16 /* SettingsViewController.swift in Sources */,
			);
			runOnlyForDeploymentPostprocessing = 0;
		};
/* End PBXSourcesBuildPhase section */

/* Begin PBXVariantGroup section */
		B75EF06826F3106E00075B16 /* Main.storyboard */ = {
			isa = PBXVariantGroup;
			children = (
				B75EF06926F3106E00075B16 /* Base */,
			);
			name = Main.storyboard;
			sourceTree = "<group>";
		};
		B75EF06D26F3106F00075B16 /* LaunchScreen.storyboard */ = {
			isa = PBXVariantGroup;
			children = (
				B75EF06E26F3106F00075B16 /* Base */,
			);
			name = LaunchScreen.storyboard;
			sourceTree = "<group>";
		};
/* End PBXVariantGroup section */

/* Begin XCBuildConfiguration section */
		B75EF07126F3106F00075B16 /* Debug */ = {
			isa = XCBuildConfiguration;
			buildSettings = {
				ALWAYS_SEARCH_USER_PATHS = NO;
				CLANG_ANALYZER_NONNULL = YES;
				CLANG_ANALYZER_NUMBER_OBJECT_CONVERSION = YES_AGGRESSIVE;
				CLANG_CXX_LANGUAGE_STANDARD = "gnu++14";
				CLANG_CXX_LIBRARY = "libc++";
				CLANG_ENABLE_MODULES = YES;
				CLANG_ENABLE_OBJC_ARC = YES;
				CLANG_ENABLE_OBJC_WEAK = YES;
				CLANG_WARN_BLOCK_CAPTURE_AUTORELEASING = YES;
				CLANG_WARN_BOOL_CONVERSION = YES;
				CLANG_WARN_COMMA = YES;
				CLANG_WARN_CONSTANT_CONVERSION = YES;
				CLANG_WARN_DEPRECATED_OBJC_IMPLEMENTATIONS = YES;
				CLANG_WARN_DIRECT_OBJC_ISA_USAGE = YES_ERROR;
				CLANG_WARN_DOCUMENTATION_COMMENTS = YES;
				CLANG_WARN_EMPTY_BODY = YES;
				CLANG_WARN_ENUM_CONVERSION = YES;
				CLANG_WARN_INFINITE_RECURSION = YES;
				CLANG_WARN_INT_CONVERSION = YES;
				CLANG_WARN_NON_LITERAL_NULL_CONVERSION = YES;
				CLANG_WARN_OBJC_IMPLICIT_RETAIN_SELF = YES;
				CLANG_WARN_OBJC_LITERAL_CONVERSION = YES;
				CLANG_WARN_OBJC_ROOT_CLASS = YES_ERROR;
				CLANG_WARN_QUOTED_INCLUDE_IN_FRAMEWORK_HEADER = YES;
				CLANG_WARN_RANGE_LOOP_ANALYSIS = YES;
				CLANG_WARN_STRICT_PROTOTYPES = YES;
				CLANG_WARN_SUSPICIOUS_MOVE = YES;
				CLANG_WARN_UNGUARDED_AVAILABILITY = YES_AGGRESSIVE;
				CLANG_WARN_UNREACHABLE_CODE = YES;
				CLANG_WARN__DUPLICATE_METHOD_MATCH = YES;
				COPY_PHASE_STRIP = NO;
				DEBUG_INFORMATION_FORMAT = dwarf;
				ENABLE_STRICT_OBJC_MSGSEND = YES;
				ENABLE_TESTABILITY = YES;
				GCC_C_LANGUAGE_STANDARD = gnu11;
				GCC_DYNAMIC_NO_PIC = NO;
				GCC_NO_COMMON_BLOCKS = YES;
				GCC_OPTIMIZATION_LEVEL = 0;
				GCC_PREPROCESSOR_DEFINITIONS = (
					"DEBUG=1",
					"$(inherited)",
				);
				GCC_WARN_64_TO_32_BIT_CONVERSION = YES;
				GCC_WARN_ABOUT_RETURN_TYPE = YES_ERROR;
				GCC_WARN_UNDECLARED_SELECTOR = YES;
				GCC_WARN_UNINITIALIZED_AUTOS = YES_AGGRESSIVE;
				GCC_WARN_UNUSED_FUNCTION = YES;
				GCC_WARN_UNUSED_VARIABLE = YES;
				IPHONEOS_DEPLOYMENT_TARGET = 14.5;
				MTL_ENABLE_DEBUG_INFO = INCLUDE_SOURCE;
				MTL_FAST_MATH = YES;
				ONLY_ACTIVE_ARCH = YES;
				SDKROOT = iphoneos;
				SWIFT_ACTIVE_COMPILATION_CONDITIONS = DEBUG;
				SWIFT_OPTIMIZATION_LEVEL = "-Onone";
			};
			name = Debug;
		};
		B75EF07226F3106F00075B16 /* Release */ = {
			isa = XCBuildConfiguration;
			buildSettings = {
				ALWAYS_SEARCH_USER_PATHS = NO;
				CLANG_ANALYZER_NONNULL = YES;
				CLANG_ANALYZER_NUMBER_OBJECT_CONVERSION = YES_AGGRESSIVE;
				CLANG_CXX_LANGUAGE_STANDARD = "gnu++14";
				CLANG_CXX_LIBRARY = "libc++";
				CLANG_ENABLE_MODULES = YES;
				CLANG_ENABLE_OBJC_ARC = YES;
				CLANG_ENABLE_OBJC_WEAK = YES;
				CLANG_WARN_BLOCK_CAPTURE_AUTORELEASING = YES;
				CLANG_WARN_BOOL_CONVERSION = YES;
				CLANG_WARN_COMMA = YES;
				CLANG_WARN_CONSTANT_CONVERSION = YES;
				CLANG_WARN_DEPRECATED_OBJC_IMPLEMENTATIONS = YES;
				CLANG_WARN_DIRECT_OBJC_ISA_USAGE = YES_ERROR;
				CLANG_WARN_DOCUMENTATION_COMMENTS = YES;
				CLANG_WARN_EMPTY_BODY = YES;
				CLANG_WARN_ENUM_CONVERSION = YES;
				CLANG_WARN_INFINITE_RECURSION = YES;
				CLANG_WARN_INT_CONVERSION = YES;
				CLANG_WARN_NON_LITERAL_NULL_CONVERSION = YES;
				CLANG_WARN_OBJC_IMPLICIT_RETAIN_SELF = YES;
				CLANG_WARN_OBJC_LITERAL_CONVERSION = YES;
				CLANG_WARN_OBJC_ROOT_CLASS = YES_ERROR;
				CLANG_WARN_QUOTED_INCLUDE_IN_FRAMEWORK_HEADER = YES;
				CLANG_WARN_RANGE_LOOP_ANALYSIS = YES;
				CLANG_WARN_STRICT_PROTOTYPES = YES;
				CLANG_WARN_SUSPICIOUS_MOVE = YES;
				CLANG_WARN_UNGUARDED_AVAILABILITY = YES_AGGRESSIVE;
				CLANG_WARN_UNREACHABLE_CODE = YES;
				CLANG_WARN__DUPLICATE_METHOD_MATCH = YES;
				COPY_PHASE_STRIP = NO;
				DEBUG_INFORMATION_FORMAT = "dwarf-with-dsym";
				ENABLE_NS_ASSERTIONS = NO;
				ENABLE_STRICT_OBJC_MSGSEND = YES;
				GCC_C_LANGUAGE_STANDARD = gnu11;
				GCC_NO_COMMON_BLOCKS = YES;
				GCC_WARN_64_TO_32_BIT_CONVERSION = YES;
				GCC_WARN_ABOUT_RETURN_TYPE = YES_ERROR;
				GCC_WARN_UNDECLARED_SELECTOR = YES;
				GCC_WARN_UNINITIALIZED_AUTOS = YES_AGGRESSIVE;
				GCC_WARN_UNUSED_FUNCTION = YES;
				GCC_WARN_UNUSED_VARIABLE = YES;
				IPHONEOS_DEPLOYMENT_TARGET = 14.5;
				MTL_ENABLE_DEBUG_INFO = NO;
				MTL_FAST_MATH = YES;
				SDKROOT = iphoneos;
				SWIFT_COMPILATION_MODE = wholemodule;
				SWIFT_OPTIMIZATION_LEVEL = "-O";
				VALIDATE_PRODUCT = YES;
			};
			name = Release;
		};
		B75EF07426F3106F00075B16 /* Debug */ = {
			isa = XCBuildConfiguration;
			buildSettings = {
				ASSETCATALOG_COMPILER_APPICON_NAME = AppIcon;
				ASSETCATALOG_COMPILER_GLOBAL_ACCENT_COLOR_NAME = AccentColor;
				CODE_SIGN_STYLE = Automatic;
				DEVELOPMENT_TEAM = N847HZJL2F;
				INFOPLIST_FILE = Instagram/Info.plist;
				LD_RUNPATH_SEARCH_PATHS = (
					"$(inherited)",
					"@executable_path/Frameworks",
				);
				PRODUCT_BUNDLE_IDENTIFIER = bagrat.Instagram;
				PRODUCT_NAME = "$(TARGET_NAME)";
				SWIFT_VERSION = 5.0;
				TARGETED_DEVICE_FAMILY = "1,2";
			};
			name = Debug;
		};
		B75EF07526F3106F00075B16 /* Release */ = {
			isa = XCBuildConfiguration;
			buildSettings = {
				ASSETCATALOG_COMPILER_APPICON_NAME = AppIcon;
				ASSETCATALOG_COMPILER_GLOBAL_ACCENT_COLOR_NAME = AccentColor;
				CODE_SIGN_STYLE = Automatic;
				DEVELOPMENT_TEAM = N847HZJL2F;
				INFOPLIST_FILE = Instagram/Info.plist;
				LD_RUNPATH_SEARCH_PATHS = (
					"$(inherited)",
					"@executable_path/Frameworks",
				);
				PRODUCT_BUNDLE_IDENTIFIER = bagrat.Instagram;
				PRODUCT_NAME = "$(TARGET_NAME)";
				SWIFT_VERSION = 5.0;
				TARGETED_DEVICE_FAMILY = "1,2";
			};
			name = Release;
		};
/* End XCBuildConfiguration section */

/* Begin XCConfigurationList section */
		B75EF05A26F3106D00075B16 /* Build configuration list for PBXProject "Instagram" */ = {
			isa = XCConfigurationList;
			buildConfigurations = (
				B75EF07126F3106F00075B16 /* Debug */,
				B75EF07226F3106F00075B16 /* Release */,
			);
			defaultConfigurationIsVisible = 0;
			defaultConfigurationName = Release;
		};
		B75EF07326F3106F00075B16 /* Build configuration list for PBXNativeTarget "Instagram" */ = {
			isa = XCConfigurationList;
			buildConfigurations = (
				B75EF07426F3106F00075B16 /* Debug */,
				B75EF07526F3106F00075B16 /* Release */,
			);
			defaultConfigurationIsVisible = 0;
			defaultConfigurationName = Release;
		};
/* End XCConfigurationList section */
	};
	rootObject = B75EF05726F3106D00075B16 /* Project object */;
}
